
Microsoft Visual Studio Solution File, Format Version 12.00
# Visual Studio Version 17
VisualStudioVersion = 17.5.33209.295
MinimumVisualStudioVersion = 10.0.40219.1
Project("{9A19103F-16F7-4668-BE54-9A1E7A4F7556}") = "PumpjackPipeOptimizer", "src\PumpjackPipeOptimizer\PumpjackPipeOptimizer.csproj", "{1736C18D-D61E-45C1-BADB-290D72AC2899}"
EndProject
Project("{2150E333-8FDC-42A3-9474-1A3956D46DE8}") = "src", "src", "{2237B275-4DF9-492E-A555-E38CE0DC0E12}"
EndProject
Project("{2150E333-8FDC-42A3-9474-1A3956D46DE8}") = "Solution Items", "Solution Items", "{3CE8C202-6915-434A-A6D5-31776270EE21}"
	ProjectSection(SolutionItems) = preProject
		.gitignore = .gitignore
		LICENSE = LICENSE
		README.md = README.md
	EndProjectSection
EndProject
Global
	GlobalSection(SolutionConfigurationPlatforms) = preSolution
		Debug|Any CPU = Debug|Any CPU
		Release|Any CPU = Release|Any CPU
	EndGlobalSection
	GlobalSection(ProjectConfigurationPlatforms) = postSolution
		{1736C18D-D61E-45C1-BADB-290D72AC2899}.Debug|Any CPU.ActiveCfg = Debug|Any CPU
		{1736C18D-D61E-45C1-BADB-290D72AC2899}.Debug|Any CPU.Build.0 = Debug|Any CPU
		{1736C18D-D61E-45C1-BADB-290D72AC2899}.Release|Any CPU.ActiveCfg = Release|Any CPU
		{1736C18D-D61E-45C1-BADB-290D72AC2899}.Release|Any CPU.Build.0 = Release|Any CPU
	EndGlobalSection
	GlobalSection(SolutionProperties) = preSolution
		HideSolutionNode = FALSE
	EndGlobalSection
	GlobalSection(NestedProjects) = preSolution
		{1736C18D-D61E-45C1-BADB-290D72AC2899} = {2237B275-4DF9-492E-A555-E38CE0DC0E12}
	EndGlobalSection
	GlobalSection(ExtensibilityGlobals) = postSolution
		SolutionGuid = {8E6A453D-7E2E-4504-B5F6-474D9AEA13B8}
	EndGlobalSection
EndGlobal
